
Microsoft Visual Studio Solution File, Format Version 12.00
# Visual Studio 15
Project("{FAE04EC0-301F-11D3-BF4B-00C04F79EFBC}") = "spine-unity-examples", "spine-unity-examples.csproj", "{46AC8458-83F9-DDED-D951-0809ECDBEF54}"
EndProject
Project("{FAE04EC0-301F-11D3-BF4B-00C04F79EFBC}") = "spine-unity", "spine-unity.csproj", "{10B34B59-92F1-F4B8-6FE7-B8D9E16032AD}"
EndProject
Project("{FAE04EC0-301F-11D3-BF4B-00C04F79EFBC}") = "Assembly-CSharp", "Assembly-CSharp.csproj", "{DDF0D896-06D7-A74A-303C-72AAF5A1D6C5}"
EndProject
Project("{FAE04EC0-301F-11D3-BF4B-00C04F79EFBC}") = "spine-unity-editor", "spine-unity-editor.csproj", "{D60285D4-B461-1209-C139-F7DE540D8B65}"
EndProject
Project("{FAE04EC0-301F-11D3-BF4B-00C04F79EFBC}") = "spine-unity-examples-editor", "spine-unity-examples-editor.csproj", "{0031ACF0-B1D9-2949-CD83-396A0231BD65}"
EndProject
Global
	GlobalSection(SolutionConfigurationPlatforms) = preSolution
		Debug|Any CPU = Debug|Any CPU
		Release|Any CPU = Release|Any CPU
	EndGlobalSection
	GlobalSection(ProjectConfigurationPlatforms) = postSolution
		{46AC8458-83F9-DDED-D951-0809ECDBEF54}.Debug|Any CPU.ActiveCfg = Debug|Any CPU
		{46AC8458-83F9-DDED-D951-0809ECDBEF54}.Debug|Any CPU.Build.0 = Debug|Any CPU
		{46AC8458-83F9-DDED-D951-0809ECDBEF54}.Release|Any CPU.ActiveCfg = Release|Any CPU
		{46AC8458-83F9-DDED-D951-0809ECDBEF54}.Release|Any CPU.Build.0 = Release|Any CPU
		{10B34B59-92F1-F4B8-6FE7-B8D9E16032AD}.Debug|Any CPU.ActiveCfg = Debug|Any CPU
		{10B34B59-92F1-F4B8-6FE7-B8D9E16032AD}.Debug|Any CPU.Build.0 = Debug|Any CPU
		{10B34B59-92F1-F4B8-6FE7-B8D9E16032AD}.Release|Any CPU.ActiveCfg = Release|Any CPU
		{10B34B59-92F1-F4B8-6FE7-B8D9E16032AD}.Release|Any CPU.Build.0 = Release|Any CPU
		{DDF0D896-06D7-A74A-303C-72AAF5A1D6C5}.Debug|Any CPU.ActiveCfg = Debug|Any CPU
		{DDF0D896-06D7-A74A-303C-72AAF5A1D6C5}.Debug|Any CPU.Build.0 = Debug|Any CPU
		{DDF0D896-06D7-A74A-303C-72AAF5A1D6C5}.Release|Any CPU.ActiveCfg = Release|Any CPU
		{DDF0D896-06D7-A74A-303C-72AAF5A1D6C5}.Release|Any CPU.Build.0 = Release|Any CPU
		{D60285D4-B461-1209-C139-F7DE540D8B65}.Debug|Any CPU.ActiveCfg = Debug|Any CPU
		{D60285D4-B461-1209-C139-F7DE540D8B65}.Debug|Any CPU.Build.0 = Debug|Any CPU
		{D60285D4-B461-1209-C139-F7DE540D8B65}.Release|Any CPU.ActiveCfg = Release|Any CPU
		{D60285D4-B461-1209-C139-F7DE540D8B65}.Release|Any CPU.Build.0 = Release|Any CPU
		{0031ACF0-B1D9-2949-CD83-396A0231BD65}.Debug|Any CPU.ActiveCfg = Debug|Any CPU
		{0031ACF0-B1D9-2949-CD83-396A0231BD65}.Debug|Any CPU.Build.0 = Debug|Any CPU
		{0031ACF0-B1D9-2949-CD83-396A0231BD65}.Release|Any CPU.ActiveCfg = Release|Any CPU
		{0031ACF0-B1D9-2949-CD83-396A0231BD65}.Release|Any CPU.Build.0 = Release|Any CPU
	EndGlobalSection
	GlobalSection(SolutionProperties) = preSolution
		HideSolutionNode = FALSE
	EndGlobalSection
EndGlobal
